
Microsoft Visual Studio Solution File, Format Version 12.00
# Visual Studio Version 17
VisualStudioVersion = 17.0.31903.59
MinimumVisualStudioVersion = 10.0.40219.1
Project("{2150E333-8FDC-42A3-9474-1A3956D46DE8}") = "src", "src", "{F0DF7372-FBCA-47A0-BD99-BEFA2003CA36}"
EndProject
Project("{FAE04EC0-301F-11D3-BF4B-00C04F79EFBC}") = "SimplAPI", "src\SimplAPI\SimplAPI.csproj", "{B3029497-1586-4750-B189-B97E1110F083}"
EndProject
Project("{2150E333-8FDC-42A3-9474-1A3956D46DE8}") = "test", "test", "{88E7FDB1-3ECA-4BF2-AE3A-C43324B561C5}"
EndProject
Project("{FAE04EC0-301F-11D3-BF4B-00C04F79EFBC}") = "SimpleAPI.TEST", "test\SimpleAPI.TEST\SimpleAPI.TEST.csproj", "{574E936C-F6C3-4F2E-8A7A-AFBE27ACECAB}"
EndProject
Global
	GlobalSection(SolutionConfigurationPlatforms) = preSolution
		Debug|Any CPU = Debug|Any CPU
		Release|Any CPU = Release|Any CPU
	EndGlobalSection
	GlobalSection(SolutionProperties) = preSolution
		HideSolutionNode = FALSE
	EndGlobalSection
	GlobalSection(ProjectConfigurationPlatforms) = postSolution
		{B3029497-1586-4750-B189-B97E1110F083}.Debug|Any CPU.ActiveCfg = Debug|Any CPU
		{B3029497-1586-4750-B189-B97E1110F083}.Debug|Any CPU.Build.0 = Debug|Any CPU
		{B3029497-1586-4750-B189-B97E1110F083}.Release|Any CPU.ActiveCfg = Release|Any CPU
		{B3029497-1586-4750-B189-B97E1110F083}.Release|Any CPU.Build.0 = Release|Any CPU
		{574E936C-F6C3-4F2E-8A7A-AFBE27ACECAB}.Debug|Any CPU.ActiveCfg = Debug|Any CPU
		{574E936C-F6C3-4F2E-8A7A-AFBE27ACECAB}.Debug|Any CPU.Build.0 = Debug|Any CPU
		{574E936C-F6C3-4F2E-8A7A-AFBE27ACECAB}.Release|Any CPU.ActiveCfg = Release|Any CPU
		{574E936C-F6C3-4F2E-8A7A-AFBE27ACECAB}.Release|Any CPU.Build.0 = Release|Any CPU
	EndGlobalSection
	GlobalSection(NestedProjects) = preSolution
		{B3029497-1586-4750-B189-B97E1110F083} = {F0DF7372-FBCA-47A0-BD99-BEFA2003CA36}
		{574E936C-F6C3-4F2E-8A7A-AFBE27ACECAB} = {88E7FDB1-3ECA-4BF2-AE3A-C43324B561C5}
	EndGlobalSection
EndGlobal
